
Microsoft Visual Studio Solution File, Format Version 12.00
# Visual Studio Version 17
VisualStudioVersion = 17.6.33801.468
MinimumVisualStudioVersion = 10.0.40219.1
Project("{FAE04EC0-301F-11D3-BF4B-00C04F79EFBC}") = "Verko_MasterFloor", "Verko_MasterFloor.csproj", "{50B00DA0-DAE8-4682-A704-B6BE7D0DEFF5}"
EndProject
Global
	GlobalSection(SolutionConfigurationPlatforms) = preSolution
		Debug|Any CPU = Debug|Any CPU
		Release|Any CPU = Release|Any CPU
	EndGlobalSection
	GlobalSection(ProjectConfigurationPlatforms) = postSolution
		{50B00DA0-DAE8-4682-A704-B6BE7D0DEFF5}.Debug|Any CPU.ActiveCfg = Debug|Any CPU
		{50B00DA0-DAE8-4682-A704-B6BE7D0DEFF5}.Debug|Any CPU.Build.0 = Debug|Any CPU
		{50B00DA0-DAE8-4682-A704-B6BE7D0DEFF5}.Release|Any CPU.ActiveCfg = Release|Any CPU
		{50B00DA0-DAE8-4682-A704-B6BE7D0DEFF5}.Release|Any CPU.Build.0 = Release|Any CPU
	EndGlobalSection
	GlobalSection(SolutionProperties) = preSolution
		HideSolutionNode = FALSE
	EndGlobalSection
	GlobalSection(ExtensibilityGlobals) = postSolution
		SolutionGuid = {6FA9E924-4635-429E-920A-1126989FE041}
	EndGlobalSection
EndGlobal
